
Microsoft Visual Studio Solution File, Format Version 12.00
Project("{FAE04EC0-301F-11D3-BF4B-00C04F79EFBC}") = "Ao3Domain", "..\Ao3Api\Ao3Domain\Ao3Domain.csproj", "{D0ACBD8F-86A5-424B-9B59-16CA237885A9}"
EndProject
Project("{FAE04EC0-301F-11D3-BF4B-00C04F79EFBC}") = "Ao3Reader", "Ao3Reader\Ao3Reader\Ao3Reader.csproj", "{B3B43412-BF66-4E11-A82E-F29DE059F350}"
EndProject
Project("{FAE04EC0-301F-11D3-BF4B-00C04F79EFBC}") = "Ao3Reader.Android", "Ao3Reader\Ao3Reader.Android\Ao3Reader.Android.csproj", "{5BE0EA15-B883-4DE4-A430-CB008698E50D}"
EndProject
Project("{FAE04EC0-301F-11D3-BF4B-00C04F79EFBC}") = "Ao3Reader.iOS", "Ao3Reader\Ao3Reader.iOS\Ao3Reader.iOS.csproj", "{F5A8E755-F218-4622-ABEA-ED471151F65B}"
EndProject
Global
	GlobalSection(SolutionConfigurationPlatforms) = preSolution
		Ad-Hoc|iPhone = Ad-Hoc|iPhone
		AppStore|iPhone = AppStore|iPhone
		Debug|Any CPU = Debug|Any CPU
		Debug|iPhone = Debug|iPhone
		Debug|iPhoneSimulator = Debug|iPhoneSimulator
		Release|Any CPU = Release|Any CPU
		Release|iPhone = Release|iPhone
		Release|iPhoneSimulator = Release|iPhoneSimulator
	EndGlobalSection
	GlobalSection(ProjectConfigurationPlatforms) = postSolution
		{D0ACBD8F-86A5-424B-9B59-16CA237885A9}.Ad-Hoc|iPhone.ActiveCfg = Debug|Any CPU
		{D0ACBD8F-86A5-424B-9B59-16CA237885A9}.Ad-Hoc|iPhone.Build.0 = Debug|Any CPU
		{D0ACBD8F-86A5-424B-9B59-16CA237885A9}.AppStore|iPhone.ActiveCfg = Debug|Any CPU
		{D0ACBD8F-86A5-424B-9B59-16CA237885A9}.AppStore|iPhone.Build.0 = Debug|Any CPU
		{D0ACBD8F-86A5-424B-9B59-16CA237885A9}.Debug|Any CPU.ActiveCfg = Debug|Any CPU
		{D0ACBD8F-86A5-424B-9B59-16CA237885A9}.Debug|Any CPU.Build.0 = Debug|Any CPU
		{D0ACBD8F-86A5-424B-9B59-16CA237885A9}.Debug|iPhone.ActiveCfg = Debug|Any CPU
		{D0ACBD8F-86A5-424B-9B59-16CA237885A9}.Debug|iPhone.Build.0 = Debug|Any CPU
		{D0ACBD8F-86A5-424B-9B59-16CA237885A9}.Debug|iPhoneSimulator.ActiveCfg = Debug|Any CPU
		{D0ACBD8F-86A5-424B-9B59-16CA237885A9}.Debug|iPhoneSimulator.Build.0 = Debug|Any CPU
		{D0ACBD8F-86A5-424B-9B59-16CA237885A9}.Release|Any CPU.ActiveCfg = Release|Any CPU
		{D0ACBD8F-86A5-424B-9B59-16CA237885A9}.Release|Any CPU.Build.0 = Release|Any CPU
		{D0ACBD8F-86A5-424B-9B59-16CA237885A9}.Release|iPhone.ActiveCfg = Release|Any CPU
		{D0ACBD8F-86A5-424B-9B59-16CA237885A9}.Release|iPhone.Build.0 = Release|Any CPU
		{D0ACBD8F-86A5-424B-9B59-16CA237885A9}.Release|iPhoneSimulator.ActiveCfg = Release|Any CPU
		{D0ACBD8F-86A5-424B-9B59-16CA237885A9}.Release|iPhoneSimulator.Build.0 = Release|Any CPU
		{B3B43412-BF66-4E11-A82E-F29DE059F350}.Ad-Hoc|iPhone.ActiveCfg = Debug|Any CPU
		{B3B43412-BF66-4E11-A82E-F29DE059F350}.Ad-Hoc|iPhone.Build.0 = Debug|Any CPU
		{B3B43412-BF66-4E11-A82E-F29DE059F350}.AppStore|iPhone.ActiveCfg = Debug|Any CPU
		{B3B43412-BF66-4E11-A82E-F29DE059F350}.AppStore|iPhone.Build.0 = Debug|Any CPU
		{B3B43412-BF66-4E11-A82E-F29DE059F350}.Debug|Any CPU.ActiveCfg = Debug|Any CPU
		{B3B43412-BF66-4E11-A82E-F29DE059F350}.Debug|Any CPU.Build.0 = Debug|Any CPU
		{B3B43412-BF66-4E11-A82E-F29DE059F350}.Debug|iPhone.ActiveCfg = Debug|Any CPU
		{B3B43412-BF66-4E11-A82E-F29DE059F350}.Debug|iPhone.Build.0 = Debug|Any CPU
		{B3B43412-BF66-4E11-A82E-F29DE059F350}.Debug|iPhoneSimulator.ActiveCfg = Debug|Any CPU
		{B3B43412-BF66-4E11-A82E-F29DE059F350}.Debug|iPhoneSimulator.Build.0 = Debug|Any CPU
		{B3B43412-BF66-4E11-A82E-F29DE059F350}.Release|Any CPU.ActiveCfg = Release|Any CPU
		{B3B43412-BF66-4E11-A82E-F29DE059F350}.Release|Any CPU.Build.0 = Release|Any CPU
		{B3B43412-BF66-4E11-A82E-F29DE059F350}.Release|iPhone.ActiveCfg = Release|Any CPU
		{B3B43412-BF66-4E11-A82E-F29DE059F350}.Release|iPhone.Build.0 = Release|Any CPU
		{B3B43412-BF66-4E11-A82E-F29DE059F350}.Release|iPhoneSimulator.ActiveCfg = Release|Any CPU
		{B3B43412-BF66-4E11-A82E-F29DE059F350}.Release|iPhoneSimulator.Build.0 = Release|Any CPU
		{5BE0EA15-B883-4DE4-A430-CB008698E50D}.Ad-Hoc|iPhone.ActiveCfg = Debug|Any CPU
		{5BE0EA15-B883-4DE4-A430-CB008698E50D}.Ad-Hoc|iPhone.Build.0 = Debug|Any CPU
		{5BE0EA15-B883-4DE4-A430-CB008698E50D}.AppStore|iPhone.ActiveCfg = Debug|Any CPU
		{5BE0EA15-B883-4DE4-A430-CB008698E50D}.AppStore|iPhone.Build.0 = Debug|Any CPU
		{5BE0EA15-B883-4DE4-A430-CB008698E50D}.Debug|Any CPU.ActiveCfg = Debug|Any CPU
		{5BE0EA15-B883-4DE4-A430-CB008698E50D}.Debug|Any CPU.Build.0 = Debug|Any CPU
		{5BE0EA15-B883-4DE4-A430-CB008698E50D}.Debug|iPhone.ActiveCfg = Debug|Any CPU
		{5BE0EA15-B883-4DE4-A430-CB008698E50D}.Debug|iPhone.Build.0 = Debug|Any CPU
		{5BE0EA15-B883-4DE4-A430-CB008698E50D}.Debug|iPhoneSimulator.ActiveCfg = Debug|Any CPU
		{5BE0EA15-B883-4DE4-A430-CB008698E50D}.Debug|iPhoneSimulator.Build.0 = Debug|Any CPU
		{5BE0EA15-B883-4DE4-A430-CB008698E50D}.Release|Any CPU.ActiveCfg = Release|Any CPU
		{5BE0EA15-B883-4DE4-A430-CB008698E50D}.Release|Any CPU.Build.0 = Release|Any CPU
		{5BE0EA15-B883-4DE4-A430-CB008698E50D}.Release|iPhone.ActiveCfg = Release|Any CPU
		{5BE0EA15-B883-4DE4-A430-CB008698E50D}.Release|iPhone.Build.0 = Release|Any CPU
		{5BE0EA15-B883-4DE4-A430-CB008698E50D}.Release|iPhoneSimulator.ActiveCfg = Release|Any CPU
		{5BE0EA15-B883-4DE4-A430-CB008698E50D}.Release|iPhoneSimulator.Build.0 = Release|Any CPU
		{F5A8E755-F218-4622-ABEA-ED471151F65B}.Ad-Hoc|iPhone.ActiveCfg = Ad-Hoc|iPhone
		{F5A8E755-F218-4622-ABEA-ED471151F65B}.Ad-Hoc|iPhone.Build.0 = Ad-Hoc|iPhone
		{F5A8E755-F218-4622-ABEA-ED471151F65B}.AppStore|iPhone.ActiveCfg = AppStore|iPhone
		{F5A8E755-F218-4622-ABEA-ED471151F65B}.AppStore|iPhone.Build.0 = AppStore|iPhone
		{F5A8E755-F218-4622-ABEA-ED471151F65B}.Debug|Any CPU.ActiveCfg = Debug|iPhoneSimulator
		{F5A8E755-F218-4622-ABEA-ED471151F65B}.Debug|Any CPU.Build.0 = Debug|iPhoneSimulator
		{F5A8E755-F218-4622-ABEA-ED471151F65B}.Debug|iPhone.ActiveCfg = Debug|iPhone
		{F5A8E755-F218-4622-ABEA-ED471151F65B}.Debug|iPhone.Build.0 = Debug|iPhone
		{F5A8E755-F218-4622-ABEA-ED471151F65B}.Debug|iPhoneSimulator.ActiveCfg = Debug|iPhoneSimulator
		{F5A8E755-F218-4622-ABEA-ED471151F65B}.Debug|iPhoneSimulator.Build.0 = Debug|iPhoneSimulator
		{F5A8E755-F218-4622-ABEA-ED471151F65B}.Release|Any CPU.ActiveCfg = Release|iPhoneSimulator
		{F5A8E755-F218-4622-ABEA-ED471151F65B}.Release|Any CPU.Build.0 = Release|iPhoneSimulator
		{F5A8E755-F218-4622-ABEA-ED471151F65B}.Release|iPhone.ActiveCfg = Release|iPhone
		{F5A8E755-F218-4622-ABEA-ED471151F65B}.Release|iPhone.Build.0 = Release|iPhone
		{F5A8E755-F218-4622-ABEA-ED471151F65B}.Release|iPhoneSimulator.ActiveCfg = Release|iPhoneSimulator
		{F5A8E755-F218-4622-ABEA-ED471151F65B}.Release|iPhoneSimulator.Build.0 = Release|iPhoneSimulator
	EndGlobalSection
EndGlobal
